
Microsoft Visual Studio Solution File, Format Version 12.00
# Visual Studio 15
VisualStudioVersion = 15.0.26403.7
MinimumVisualStudioVersion = 10.0.40219.1
Project("{FAE04EC0-301F-11D3-BF4B-00C04F79EFBC}") = "MyNiceHome.WebAPI", "MyNiceHome_Feb18_API\MyNiceHome.WebAPI.csproj", "{292D5D12-94F3-45A2-A46D-3C2064743F62}"
EndProject
Project("{FAE04EC0-301F-11D3-BF4B-00C04F79EFBC}") = "MyNiceHome.Entities", "MyNiceHome.Entities\MyNiceHome.Entities.csproj", "{E9547194-F0CF-423E-B0C6-C543D6CC197B}"
EndProject
Project("{FAE04EC0-301F-11D3-BF4B-00C04F79EFBC}") = "MyNiceHome.Repository", "MyNiceHome.Repository\MyNiceHome.Repository.csproj", "{20B914DE-F3D7-45ED-8A78-7058A8A245D3}"
EndProject
Project("{2150E333-8FDC-42A3-9474-1A3956D46DE8}") = "BusinessManager", "BusinessManager", "{A426694D-1E48-418C-86D2-D093B8906613}"
EndProject
Project("{2150E333-8FDC-42A3-9474-1A3956D46DE8}") = "Test", "Test", "{CF346A0A-CB8B-4B8F-94DF-D1993C67831E}"
EndProject
Project("{FAE04EC0-301F-11D3-BF4B-00C04F79EFBC}") = "MyNiceHome.BusinessManager.Test", "MyNiceHome.BusinessManager.Test\MyNiceHome.BusinessManager.Test.csproj", "{E4D97E70-A429-4C43-BA66-6BBA6E2D9FEE}"
EndProject
Project("{FAE04EC0-301F-11D3-BF4B-00C04F79EFBC}") = "MyNiceHome.Repository.Test", "MyNiceHome.Repository.Test\MyNiceHome.Repository.Test.csproj", "{EFADF34C-99FD-41F3-B92C-65D32B1F5F20}"
EndProject
Project("{FAE04EC0-301F-11D3-BF4B-00C04F79EFBC}") = "MyNiceHome.WebAPI.Test", "MyNiceHome.WebAPI.Test\MyNiceHome.WebAPI.Test.csproj", "{48B6BC76-BB69-478A-ABE9-5F9B9B6BA1C7}"
EndProject
Project("{FAE04EC0-301F-11D3-BF4B-00C04F79EFBC}") = "MyNiceHome.Exceptions", "MyNiceHome.Exceptions\MyNiceHome.Exceptions.csproj", "{16FCDAC1-D67F-48ED-9890-610BF5131E6E}"
EndProject
Project("{FAE04EC0-301F-11D3-BF4B-00C04F79EFBC}") = "MyNiceHome.BusinessManager", "MyNiceHome.BusinessManager\MyNiceHome.BusinessManager.csproj", "{1E929DAA-AB17-4FBC-858D-23C58E232DB3}"
EndProject
Project("{FAE04EC0-301F-11D3-BF4B-00C04F79EFBC}") = "MyNiceHome.BusinessManager.Interfaces", "MyNiceHome.BusinessManager.Interfaces\MyNiceHome.BusinessManager.Interfaces.csproj", "{7EC3AA6E-FEA7-4BFF-A91D-7812BAA649DB}"
EndProject
Global
	GlobalSection(SolutionConfigurationPlatforms) = preSolution
		Debug|Any CPU = Debug|Any CPU
		Release|Any CPU = Release|Any CPU
	EndGlobalSection
	GlobalSection(ProjectConfigurationPlatforms) = postSolution
		{292D5D12-94F3-45A2-A46D-3C2064743F62}.Debug|Any CPU.ActiveCfg = Debug|Any CPU
		{292D5D12-94F3-45A2-A46D-3C2064743F62}.Debug|Any CPU.Build.0 = Debug|Any CPU
		{292D5D12-94F3-45A2-A46D-3C2064743F62}.Release|Any CPU.ActiveCfg = Release|Any CPU
		{292D5D12-94F3-45A2-A46D-3C2064743F62}.Release|Any CPU.Build.0 = Release|Any CPU
		{E9547194-F0CF-423E-B0C6-C543D6CC197B}.Debug|Any CPU.ActiveCfg = Debug|Any CPU
		{E9547194-F0CF-423E-B0C6-C543D6CC197B}.Debug|Any CPU.Build.0 = Debug|Any CPU
		{E9547194-F0CF-423E-B0C6-C543D6CC197B}.Release|Any CPU.ActiveCfg = Release|Any CPU
		{E9547194-F0CF-423E-B0C6-C543D6CC197B}.Release|Any CPU.Build.0 = Release|Any CPU
		{20B914DE-F3D7-45ED-8A78-7058A8A245D3}.Debug|Any CPU.ActiveCfg = Debug|Any CPU
		{20B914DE-F3D7-45ED-8A78-7058A8A245D3}.Debug|Any CPU.Build.0 = Debug|Any CPU
		{20B914DE-F3D7-45ED-8A78-7058A8A245D3}.Release|Any CPU.ActiveCfg = Release|Any CPU
		{20B914DE-F3D7-45ED-8A78-7058A8A245D3}.Release|Any CPU.Build.0 = Release|Any CPU
		{E4D97E70-A429-4C43-BA66-6BBA6E2D9FEE}.Debug|Any CPU.ActiveCfg = Debug|Any CPU
		{E4D97E70-A429-4C43-BA66-6BBA6E2D9FEE}.Debug|Any CPU.Build.0 = Debug|Any CPU
		{E4D97E70-A429-4C43-BA66-6BBA6E2D9FEE}.Release|Any CPU.ActiveCfg = Release|Any CPU
		{E4D97E70-A429-4C43-BA66-6BBA6E2D9FEE}.Release|Any CPU.Build.0 = Release|Any CPU
		{EFADF34C-99FD-41F3-B92C-65D32B1F5F20}.Debug|Any CPU.ActiveCfg = Debug|Any CPU
		{EFADF34C-99FD-41F3-B92C-65D32B1F5F20}.Debug|Any CPU.Build.0 = Debug|Any CPU
		{EFADF34C-99FD-41F3-B92C-65D32B1F5F20}.Release|Any CPU.ActiveCfg = Release|Any CPU
		{EFADF34C-99FD-41F3-B92C-65D32B1F5F20}.Release|Any CPU.Build.0 = Release|Any CPU
		{48B6BC76-BB69-478A-ABE9-5F9B9B6BA1C7}.Debug|Any CPU.ActiveCfg = Debug|Any CPU
		{48B6BC76-BB69-478A-ABE9-5F9B9B6BA1C7}.Debug|Any CPU.Build.0 = Debug|Any CPU
		{48B6BC76-BB69-478A-ABE9-5F9B9B6BA1C7}.Release|Any CPU.ActiveCfg = Release|Any CPU
		{48B6BC76-BB69-478A-ABE9-5F9B9B6BA1C7}.Release|Any CPU.Build.0 = Release|Any CPU
		{16FCDAC1-D67F-48ED-9890-610BF5131E6E}.Debug|Any CPU.ActiveCfg = Debug|Any CPU
		{16FCDAC1-D67F-48ED-9890-610BF5131E6E}.Debug|Any CPU.Build.0 = Debug|Any CPU
		{16FCDAC1-D67F-48ED-9890-610BF5131E6E}.Release|Any CPU.ActiveCfg = Release|Any CPU
		{16FCDAC1-D67F-48ED-9890-610BF5131E6E}.Release|Any CPU.Build.0 = Release|Any CPU
		{1E929DAA-AB17-4FBC-858D-23C58E232DB3}.Debug|Any CPU.ActiveCfg = Debug|Any CPU
		{1E929DAA-AB17-4FBC-858D-23C58E232DB3}.Debug|Any CPU.Build.0 = Debug|Any CPU
		{1E929DAA-AB17-4FBC-858D-23C58E232DB3}.Release|Any CPU.ActiveCfg = Release|Any CPU
		{1E929DAA-AB17-4FBC-858D-23C58E232DB3}.Release|Any CPU.Build.0 = Release|Any CPU
		{7EC3AA6E-FEA7-4BFF-A91D-7812BAA649DB}.Debug|Any CPU.ActiveCfg = Debug|Any CPU
		{7EC3AA6E-FEA7-4BFF-A91D-7812BAA649DB}.Debug|Any CPU.Build.0 = Debug|Any CPU
		{7EC3AA6E-FEA7-4BFF-A91D-7812BAA649DB}.Release|Any CPU.ActiveCfg = Release|Any CPU
		{7EC3AA6E-FEA7-4BFF-A91D-7812BAA649DB}.Release|Any CPU.Build.0 = Release|Any CPU
	EndGlobalSection
	GlobalSection(SolutionProperties) = preSolution
		HideSolutionNode = FALSE
	EndGlobalSection
	GlobalSection(NestedProjects) = preSolution
		{E4D97E70-A429-4C43-BA66-6BBA6E2D9FEE} = {CF346A0A-CB8B-4B8F-94DF-D1993C67831E}
		{EFADF34C-99FD-41F3-B92C-65D32B1F5F20} = {CF346A0A-CB8B-4B8F-94DF-D1993C67831E}
		{48B6BC76-BB69-478A-ABE9-5F9B9B6BA1C7} = {CF346A0A-CB8B-4B8F-94DF-D1993C67831E}
		{1E929DAA-AB17-4FBC-858D-23C58E232DB3} = {A426694D-1E48-418C-86D2-D093B8906613}
		{7EC3AA6E-FEA7-4BFF-A91D-7812BAA649DB} = {A426694D-1E48-418C-86D2-D093B8906613}
	EndGlobalSection
	GlobalSection(ExtensibilityGlobals) = postSolution
		SolutionGuid = {A9939BA6-151F-4E27-9237-4B8AF3D8B1AE}
	EndGlobalSection
EndGlobal
